
Microsoft Visual Studio Solution File, Format Version 12.00
# Visual Studio Version 17
VisualStudioVersion = 17.4.33213.308
MinimumVisualStudioVersion = 10.0.40219.1
Project("{9A19103F-16F7-4668-BE54-9A1E7A4F7556}") = "Geo.Tools.Viewer", "Geo.Tools.Viewer\Geo.Tools.Viewer.csproj", "{722CDA49-6B96-48E1-8667-39BA2C871174}"
EndProject
Project("{FAE04EC0-301F-11D3-BF4B-00C04F79EFBC}") = "Geo.Tools.Viewer.Win", "Geo.Tools.Viewer.Win\Geo.Tools.Viewer.Win.csproj", "{4DE96EA0-C599-4145-AA86-359B76A84223}"
EndProject
Global
	GlobalSection(SolutionConfigurationPlatforms) = preSolution
		Debug|Any CPU = Debug|Any CPU
		Release|Any CPU = Release|Any CPU
	EndGlobalSection
	GlobalSection(ProjectConfigurationPlatforms) = postSolution
		{722CDA49-6B96-48E1-8667-39BA2C871174}.Debug|Any CPU.ActiveCfg = Debug|Any CPU
		{722CDA49-6B96-48E1-8667-39BA2C871174}.Debug|Any CPU.Build.0 = Debug|Any CPU
		{722CDA49-6B96-48E1-8667-39BA2C871174}.Release|Any CPU.ActiveCfg = Release|Any CPU
		{722CDA49-6B96-48E1-8667-39BA2C871174}.Release|Any CPU.Build.0 = Release|Any CPU
		{4DE96EA0-C599-4145-AA86-359B76A84223}.Debug|Any CPU.ActiveCfg = Debug|Any CPU
		{4DE96EA0-C599-4145-AA86-359B76A84223}.Debug|Any CPU.Build.0 = Debug|Any CPU
		{4DE96EA0-C599-4145-AA86-359B76A84223}.Release|Any CPU.ActiveCfg = Release|Any CPU
		{4DE96EA0-C599-4145-AA86-359B76A84223}.Release|Any CPU.Build.0 = Release|Any CPU
	EndGlobalSection
	GlobalSection(SolutionProperties) = preSolution
		HideSolutionNode = FALSE
	EndGlobalSection
	GlobalSection(ExtensibilityGlobals) = postSolution
		SolutionGuid = {539AE34F-E3EC-49DA-8AEC-CC9DC1101C9D}
	EndGlobalSection
EndGlobal
