
Microsoft Visual Studio Solution File, Format Version 12.00
# Visual Studio Version 17
VisualStudioVersion = 17.14.35821.62 d17.14
MinimumVisualStudioVersion = 10.0.40219.1
Project("{FAE04EC0-301F-11D3-BF4B-00C04F79EFBC}") = "CSharp.Core", "CSharp.Core.csproj", "{C8566209-E887-C4B0-E318-292884246546}"
EndProject
Global
	GlobalSection(SolutionConfigurationPlatforms) = preSolution
		Debug|Any CPU = Debug|Any CPU
		Release|Any CPU = Release|Any CPU
	EndGlobalSection
	GlobalSection(ProjectConfigurationPlatforms) = postSolution
		{C8566209-E887-C4B0-E318-292884246546}.Debug|Any CPU.ActiveCfg = Debug|Any CPU
		{C8566209-E887-C4B0-E318-292884246546}.Debug|Any CPU.Build.0 = Debug|Any CPU
		{C8566209-E887-C4B0-E318-292884246546}.Release|Any CPU.ActiveCfg = Release|Any CPU
		{C8566209-E887-C4B0-E318-292884246546}.Release|Any CPU.Build.0 = Release|Any CPU
	EndGlobalSection
	GlobalSection(SolutionProperties) = preSolution
		HideSolutionNode = FALSE
	EndGlobalSection
	GlobalSection(ExtensibilityGlobals) = postSolution
		SolutionGuid = {581BB885-E708-4F1A-AC20-6CE8097FD74F}
	EndGlobalSection
EndGlobal
