
Microsoft Visual Studio Solution File, Format Version 12.00
# Visual Studio 15
VisualStudioVersion = 15.0.28307.168
MinimumVisualStudioVersion = 10.0.40219.1
Project("{9A19103F-16F7-4668-BE54-9A1E7A4F7556}") = "AzureBlobIntegration", "AzureBlobIntegration\AzureBlobIntegration.csproj", "{7580CD46-706C-4327-B95B-03A3B1F5AE3D}"
EndProject
Global
	GlobalSection(SolutionConfigurationPlatforms) = preSolution
		Debug|Any CPU = Debug|Any CPU
		Release|Any CPU = Release|Any CPU
	EndGlobalSection
	GlobalSection(ProjectConfigurationPlatforms) = postSolution
		{7580CD46-706C-4327-B95B-03A3B1F5AE3D}.Debug|Any CPU.ActiveCfg = Debug|Any CPU
		{7580CD46-706C-4327-B95B-03A3B1F5AE3D}.Debug|Any CPU.Build.0 = Debug|Any CPU
		{7580CD46-706C-4327-B95B-03A3B1F5AE3D}.Release|Any CPU.ActiveCfg = Release|Any CPU
		{7580CD46-706C-4327-B95B-03A3B1F5AE3D}.Release|Any CPU.Build.0 = Release|Any CPU
	EndGlobalSection
	GlobalSection(SolutionProperties) = preSolution
		HideSolutionNode = FALSE
	EndGlobalSection
	GlobalSection(ExtensibilityGlobals) = postSolution
		SolutionGuid = {6F5F4645-BA52-4FAE-9FD7-B02E8E4FFB93}
	EndGlobalSection
EndGlobal
