
Microsoft Visual Studio Solution File, Format Version 12.00
# Visual Studio 15
VisualStudioVersion = 15.0.27130.2024
MinimumVisualStudioVersion = 10.0.40219.1
Project("{FAE04EC0-301F-11D3-BF4B-00C04F79EFBC}") = "CSharp", "CSharp\CSharp.csproj", "{B9E45E3B-FE3F-402C-80FA-D2A6D8D95498}"
EndProject
Global
	GlobalSection(SolutionConfigurationPlatforms) = preSolution
		Debug|Any CPU = Debug|Any CPU
		Release|Any CPU = Release|Any CPU
	EndGlobalSection
	GlobalSection(ProjectConfigurationPlatforms) = postSolution
		{B9E45E3B-FE3F-402C-80FA-D2A6D8D95498}.Debug|Any CPU.ActiveCfg = Debug|Any CPU
		{B9E45E3B-FE3F-402C-80FA-D2A6D8D95498}.Debug|Any CPU.Build.0 = Debug|Any CPU
		{B9E45E3B-FE3F-402C-80FA-D2A6D8D95498}.Release|Any CPU.ActiveCfg = Release|Any CPU
		{B9E45E3B-FE3F-402C-80FA-D2A6D8D95498}.Release|Any CPU.Build.0 = Release|Any CPU
	EndGlobalSection
	GlobalSection(SolutionProperties) = preSolution
		HideSolutionNode = FALSE
	EndGlobalSection
	GlobalSection(ExtensibilityGlobals) = postSolution
		SolutionGuid = {4EBFA923-266A-4891-B448-529D27EA435A}
	EndGlobalSection
EndGlobal
