
Microsoft Visual Studio Solution File, Format Version 12.00
# Visual Studio Version 17
VisualStudioVersion = 17.13.35931.197
MinimumVisualStudioVersion = 10.0.40219.1
Project("{FAE04EC0-301F-11D3-BF4B-00C04F79EFBC}") = "TrackRecordServer", "TrackRecordServer\TrackRecordServer.csproj", "{2CBA7A03-2CDD-4FCC-A384-2E71244CD4FE}"
EndProject
Project("{FAE04EC0-301F-11D3-BF4B-00C04F79EFBC}") = "FakeMovingObject", "FakeMovingObject\FakeMovingObject.csproj", "{360D1F5A-B978-01C8-52B1-5DF45724393D}"
EndProject
Global
	GlobalSection(SolutionConfigurationPlatforms) = preSolution
		Debug|Any CPU = Debug|Any CPU
		Release|Any CPU = Release|Any CPU
	EndGlobalSection
	GlobalSection(ProjectConfigurationPlatforms) = postSolution
		{2CBA7A03-2CDD-4FCC-A384-2E71244CD4FE}.Debug|Any CPU.ActiveCfg = Debug|Any CPU
		{2CBA7A03-2CDD-4FCC-A384-2E71244CD4FE}.Debug|Any CPU.Build.0 = Debug|Any CPU
		{2CBA7A03-2CDD-4FCC-A384-2E71244CD4FE}.Release|Any CPU.ActiveCfg = Release|Any CPU
		{2CBA7A03-2CDD-4FCC-A384-2E71244CD4FE}.Release|Any CPU.Build.0 = Release|Any CPU
		{360D1F5A-B978-01C8-52B1-5DF45724393D}.Debug|Any CPU.ActiveCfg = Debug|Any CPU
		{360D1F5A-B978-01C8-52B1-5DF45724393D}.Debug|Any CPU.Build.0 = Debug|Any CPU
		{360D1F5A-B978-01C8-52B1-5DF45724393D}.Release|Any CPU.ActiveCfg = Release|Any CPU
		{360D1F5A-B978-01C8-52B1-5DF45724393D}.Release|Any CPU.Build.0 = Release|Any CPU
	EndGlobalSection
	GlobalSection(SolutionProperties) = preSolution
		HideSolutionNode = FALSE
	EndGlobalSection
	GlobalSection(ExtensibilityGlobals) = postSolution
		SolutionGuid = {BE573C42-E647-4E99-8401-82B5D45BEBD0}
	EndGlobalSection
EndGlobal
