
Microsoft Visual Studio Solution File, Format Version 12.00
# Visual Studio Version 17
VisualStudioVersion = 17.10.35013.160
MinimumVisualStudioVersion = 10.0.40219.1
Project("{FAE04EC0-301F-11D3-BF4B-00C04F79EFBC}") = "Aspose.GIS.TilesTest", "Aspose.GIS.TilesTest\Aspose.GIS.TilesTest.csproj", "{1A47C039-C78B-47B8-A4A8-66D12A9F55C9}"
EndProject
Global
	GlobalSection(SolutionConfigurationPlatforms) = preSolution
		Debug|Any CPU = Debug|Any CPU
		Release|Any CPU = Release|Any CPU
	EndGlobalSection
	GlobalSection(ProjectConfigurationPlatforms) = postSolution
		{1A47C039-C78B-47B8-A4A8-66D12A9F55C9}.Debug|Any CPU.ActiveCfg = Debug|Any CPU
		{1A47C039-C78B-47B8-A4A8-66D12A9F55C9}.Debug|Any CPU.Build.0 = Debug|Any CPU
		{1A47C039-C78B-47B8-A4A8-66D12A9F55C9}.Release|Any CPU.ActiveCfg = Release|Any CPU
		{1A47C039-C78B-47B8-A4A8-66D12A9F55C9}.Release|Any CPU.Build.0 = Release|Any CPU
	EndGlobalSection
	GlobalSection(SolutionProperties) = preSolution
		HideSolutionNode = FALSE
	EndGlobalSection
	GlobalSection(ExtensibilityGlobals) = postSolution
		SolutionGuid = {11DF370C-C7C0-4778-943C-8D13D52156C1}
	EndGlobalSection
EndGlobal
